
Microsoft Visual Studio Solution File, Format Version 12.00
# Visual Studio 15
VisualStudioVersion = 15.0.28307.438
MinimumVisualStudioVersion = 10.0.40219.1
Project("{FAE04EC0-301F-11D3-BF4B-00C04F79EFBC}") = "Timoja", "Timoja\Timoja.csproj", "{F4D33031-C29F-4271-8964-FBA05E9405FE}"
EndProject
Global
	GlobalSection(SolutionConfigurationPlatforms) = preSolution
		Debug|Any CPU = Debug|Any CPU
		Release|Any CPU = Release|Any CPU
	EndGlobalSection
	GlobalSection(ProjectConfigurationPlatforms) = postSolution
		{F4D33031-C29F-4271-8964-FBA05E9405FE}.Debug|Any CPU.ActiveCfg = Debug|Any CPU
		{F4D33031-C29F-4271-8964-FBA05E9405FE}.Debug|Any CPU.Build.0 = Debug|Any CPU
		{F4D33031-C29F-4271-8964-FBA05E9405FE}.Release|Any CPU.ActiveCfg = Release|Any CPU
		{F4D33031-C29F-4271-8964-FBA05E9405FE}.Release|Any CPU.Build.0 = Release|Any CPU
	EndGlobalSection
	GlobalSection(SolutionProperties) = preSolution
		HideSolutionNode = FALSE
	EndGlobalSection
	GlobalSection(ExtensibilityGlobals) = postSolution
		SolutionGuid = {2E48496F-3060-4ACB-94EA-EFA6929664C4}
	EndGlobalSection
EndGlobal
